
Microsoft Visual Studio Solution File, Format Version 12.00
# Visual Studio 15
VisualStudioVersion = 15.0.27130.2024
MinimumVisualStudioVersion = 10.0.40219.1
Project("{FAE04EC0-301F-11D3-BF4B-00C04F79EFBC}") = "comp2007-assignment1", "comp2007-assignment1\comp2007-assignment1.csproj", "{896F76D5-26B2-4221-A9A1-648E5D3CD89C}"
EndProject
Project("{FAE04EC0-301F-11D3-BF4B-00C04F79EFBC}") = "comp2007-assignment1.Tests", "comp2007-assignment1.Tests\comp2007-assignment1.Tests.csproj", "{58B4FEB3-B34C-484B-BC70-836276C059D3}"
EndProject
Global
	GlobalSection(SolutionConfigurationPlatforms) = preSolution
		Debug|Any CPU = Debug|Any CPU
		Release|Any CPU = Release|Any CPU
	EndGlobalSection
	GlobalSection(ProjectConfigurationPlatforms) = postSolution
		{896F76D5-26B2-4221-A9A1-648E5D3CD89C}.Debug|Any CPU.ActiveCfg = Debug|Any CPU
		{896F76D5-26B2-4221-A9A1-648E5D3CD89C}.Debug|Any CPU.Build.0 = Debug|Any CPU
		{896F76D5-26B2-4221-A9A1-648E5D3CD89C}.Release|Any CPU.ActiveCfg = Release|Any CPU
		{896F76D5-26B2-4221-A9A1-648E5D3CD89C}.Release|Any CPU.Build.0 = Release|Any CPU
		{58B4FEB3-B34C-484B-BC70-836276C059D3}.Debug|Any CPU.ActiveCfg = Debug|Any CPU
		{58B4FEB3-B34C-484B-BC70-836276C059D3}.Debug|Any CPU.Build.0 = Debug|Any CPU
		{58B4FEB3-B34C-484B-BC70-836276C059D3}.Release|Any CPU.ActiveCfg = Release|Any CPU
		{58B4FEB3-B34C-484B-BC70-836276C059D3}.Release|Any CPU.Build.0 = Release|Any CPU
	EndGlobalSection
	GlobalSection(SolutionProperties) = preSolution
		HideSolutionNode = FALSE
	EndGlobalSection
	GlobalSection(ExtensibilityGlobals) = postSolution
		SolutionGuid = {70D6D7EC-4F1F-4221-AA53-AB732EB22F1B}
	EndGlobalSection
EndGlobal
